
Microsoft Visual Studio Solution File, Format Version 12.00
# Visual Studio Version 17
VisualStudioVersion = 17.0.32014.148
MinimumVisualStudioVersion = 10.0.40219.1
Project("{FAE04EC0-301F-11D3-BF4B-00C04F79EFBC}") = "ChurchAdminAPI", "ChurchAdminAPI\ChurchAdminAPI.csproj", "{74ECFAF1-CA03-407B-AE13-6AC629C9C6F3}"
EndProject
Global
	GlobalSection(SolutionConfigurationPlatforms) = preSolution
		Debug|Any CPU = Debug|Any CPU
		Release|Any CPU = Release|Any CPU
	EndGlobalSection
	GlobalSection(ProjectConfigurationPlatforms) = postSolution
		{74ECFAF1-CA03-407B-AE13-6AC629C9C6F3}.Debug|Any CPU.ActiveCfg = Debug|Any CPU
		{74ECFAF1-CA03-407B-AE13-6AC629C9C6F3}.Debug|Any CPU.Build.0 = Debug|Any CPU
		{74ECFAF1-CA03-407B-AE13-6AC629C9C6F3}.Release|Any CPU.ActiveCfg = Release|Any CPU
		{74ECFAF1-CA03-407B-AE13-6AC629C9C6F3}.Release|Any CPU.Build.0 = Release|Any CPU
	EndGlobalSection
	GlobalSection(SolutionProperties) = preSolution
		HideSolutionNode = FALSE
	EndGlobalSection
	GlobalSection(ExtensibilityGlobals) = postSolution
		SolutionGuid = {D15856D0-2ACD-4682-AFA8-21584D9A6619}
	EndGlobalSection
EndGlobal
